
Microsoft Visual Studio Solution File, Format Version 12.00
# Visual Studio Version 16
VisualStudioVersion = 16.0.30804.86
MinimumVisualStudioVersion = 10.0.40219.1
Project("{FAE04EC0-301F-11D3-BF4B-00C04F79EFBC}") = "NumberGuess17feb", "NumberGuess17feb.csproj", "{CEF26332-DBDC-47E1-8C92-77BFCE08B399}"
EndProject
Global
	GlobalSection(SolutionConfigurationPlatforms) = preSolution
		Debug|Any CPU = Debug|Any CPU
		Release|Any CPU = Release|Any CPU
	EndGlobalSection
	GlobalSection(ProjectConfigurationPlatforms) = postSolution
		{CEF26332-DBDC-47E1-8C92-77BFCE08B399}.Debug|Any CPU.ActiveCfg = Debug|Any CPU
		{CEF26332-DBDC-47E1-8C92-77BFCE08B399}.Debug|Any CPU.Build.0 = Debug|Any CPU
		{CEF26332-DBDC-47E1-8C92-77BFCE08B399}.Release|Any CPU.ActiveCfg = Release|Any CPU
		{CEF26332-DBDC-47E1-8C92-77BFCE08B399}.Release|Any CPU.Build.0 = Release|Any CPU
	EndGlobalSection
	GlobalSection(SolutionProperties) = preSolution
		HideSolutionNode = FALSE
	EndGlobalSection
	GlobalSection(ExtensibilityGlobals) = postSolution
		SolutionGuid = {6BF1D95E-A7B0-4343-8C2F-E79252A27E2B}
	EndGlobalSection
EndGlobal
